// !$*UTF8*$!
{
	archiveVersion = 1;
	classes = {
	};
	objectVersion = 50;
	objects = {

/* Begin PBXBuildFile section */
		B16CD06324E7CE4300724BDD /* NewsTableViewCell.swift in Sources */ = {isa = PBXBuildFile; fileRef = B16CD06224E7CE4300724BDD /* NewsTableViewCell.swift */; };
		B1A6F07724E78E3D00EF7FB1 /* AppDelegate.swift in Sources */ = {isa = PBXBuildFile; fileRef = B1A6F07624E78E3D00EF7FB1 /* AppDelegate.swift */; };
		B1A6F07924E78E3D00EF7FB1 /* SceneDelegate.swift in Sources */ = {isa = PBXBuildFile; fileRef = B1A6F07824E78E3D00EF7FB1 /* SceneDelegate.swift */; };
		B1A6F07B24E78E3D00EF7FB1 /* ViewController.swift in Sources */ = {isa = PBXBuildFile; fileRef = B1A6F07A24E78E3D00EF7FB1 /* ViewController.swift */; };
		B1A6F07E24E78E3D00EF7FB1 /* Main.storyboard in Resources */ = {isa = PBXBuildFile; fileRef = B1A6F07C24E78E3D00EF7FB1 /* Main.storyboard */; };
		B1A6F08124E78E3D00EF7FB1 /* NewsReport.xcdatamodeld in Sources */ = {isa = PBXBuildFile; fileRef = B1A6F07F24E78E3D00EF7FB1 /* NewsReport.xcdatamodeld */; };
		B1A6F08324E78E4000EF7FB1 /* Assets.xcassets in Resources */ = {isa = PBXBuildFile; fileRef = B1A6F08224E78E4000EF7FB1 /* Assets.xcassets */; };
		B1A6F08624E78E4000EF7FB1 /* LaunchScreen.storyboard in Resources */ = {isa = PBXBuildFile; fileRef = B1A6F08424E78E4000EF7FB1 /* LaunchScreen.storyboard */; };
		B1A6F09124E78E4100EF7FB1 /* NewsReportTests.swift in Sources */ = {isa = PBXBuildFile; fileRef = B1A6F09024E78E4100EF7FB1 /* NewsReportTests.swift */; };
		B1A6F09C24E78E4100EF7FB1 /* NewsReportUITests.swift in Sources */ = {isa = PBXBuildFile; fileRef = B1A6F09B24E78E4100EF7FB1 /* NewsReportUITests.swift */; };
		B1A6F0AD24E7957900EF7FB1 /* ActivityIndicatorViewStyle.swift in Sources */ = {isa = PBXBuildFile; fileRef = B1A6F0AA24E7957800EF7FB1 /* ActivityIndicatorViewStyle.swift */; };
		B1A6F0AE24E7957900EF7FB1 /* ViewUtils.swift in Sources */ = {isa = PBXBuildFile; fileRef = B1A6F0AB24E7957900EF7FB1 /* ViewUtils.swift */; };
		B1A6F0AF24E7957900EF7FB1 /* ActivityIndicatorView.swift in Sources */ = {isa = PBXBuildFile; fileRef = B1A6F0AC24E7957900EF7FB1 /* ActivityIndicatorView.swift */; };
		B1A6F0B324E7959A00EF7FB1 /* NRNetworkManger.swift in Sources */ = {isa = PBXBuildFile; fileRef = B1A6F0B124E7959A00EF7FB1 /* NRNetworkManger.swift */; };
		B1A6F0B424E7959A00EF7FB1 /* Reachability.swift in Sources */ = {isa = PBXBuildFile; fileRef = B1A6F0B224E7959A00EF7FB1 /* Reachability.swift */; };
		B1A6F0B624E795AB00EF7FB1 /* CoreDataHelper.swift in Sources */ = {isa = PBXBuildFile; fileRef = B1A6F0B524E795AB00EF7FB1 /* CoreDataHelper.swift */; };
		B1A6F0B824E795C700EF7FB1 /* NRConstants.swift in Sources */ = {isa = PBXBuildFile; fileRef = B1A6F0B724E795C700EF7FB1 /* NRConstants.swift */; };
		B1A6F0BB24E79FA700EF7FB1 /* NewsModel.swift in Sources */ = {isa = PBXBuildFile; fileRef = B1A6F0BA24E79FA700EF7FB1 /* NewsModel.swift */; };
		B1A6F0BF24E7BCE800EF7FB1 /* News+CoreDataClass.swift in Sources */ = {isa = PBXBuildFile; fileRef = B1A6F0BD24E7BCE800EF7FB1 /* News+CoreDataClass.swift */; };
		B1A6F0C024E7BCE800EF7FB1 /* News+CoreDataProperties.swift in Sources */ = {isa = PBXBuildFile; fileRef = B1A6F0BE24E7BCE800EF7FB1 /* News+CoreDataProperties.swift */; };
/* End PBXBuildFile section */

/* Begin PBXContainerItemProxy section */
		B1A6F08D24E78E4100EF7FB1 /* PBXContainerItemProxy */ = {
			isa = PBXContainerItemProxy;
			containerPortal = B1A6F06B24E78E3D00EF7FB1 /* Project object */;
			proxyType = 1;
			remoteGlobalIDString = B1A6F07224E78E3D00EF7FB1;
			remoteInfo = NewsReport;
		};
		B1A6F09824E78E4100EF7FB1 /* PBXContainerItemProxy */ = {
			isa = PBXContainerItemProxy;
			containerPortal = B1A6F06B24E78E3D00EF7FB1 /* Project object */;
			proxyType = 1;
			remoteGlobalIDString = B1A6F07224E78E3D00EF7FB1;
			remoteInfo = NewsReport;
		};
/* End PBXContainerItemProxy section */

/* Begin PBXFileReference section */
		B16CD06224E7CE4300724BDD /* NewsTableViewCell.swift */ = {isa = PBXFileReference; lastKnownFileType = sourcecode.swift; path = NewsTableViewCell.swift; sourceTree = "<group>"; };
		B1A6F07324E78E3D00EF7FB1 /* NewsReport.app */ = {isa = PBXFileReference; explicitFileType = wrapper.application; includeInIndex = 0; path = NewsReport.app; sourceTree = BUILT_PRODUCTS_DIR; };
		B1A6F07624E78E3D00EF7FB1 /* AppDelegate.swift */ = {isa = PBXFileReference; lastKnownFileType = sourcecode.swift; path = AppDelegate.swift; sourceTree = "<group>"; };
		B1A6F07824E78E3D00EF7FB1 /* SceneDelegate.swift */ = {isa = PBXFileReference; lastKnownFileType = sourcecode.swift; path = SceneDelegate.swift; sourceTree = "<group>"; };
		B1A6F07A24E78E3D00EF7FB1 /* ViewController.swift */ = {isa = PBXFileReference; lastKnownFileType = sourcecode.swift; path = ViewController.swift; sourceTree = "<group>"; };
		B1A6F07D24E78E3D00EF7FB1 /* Base */ = {isa = PBXFileReference; lastKnownFileType = file.storyboard; name = Base; path = Base.lproj/Main.storyboard; sourceTree = "<group>"; };
		B1A6F08024E78E3D00EF7FB1 /* NewsReport.xcdatamodel */ = {isa = PBXFileReference; lastKnownFileType = wrapper.xcdatamodel; path = NewsReport.xcdatamodel; sourceTree = "<group>"; };
		B1A6F08224E78E4000EF7FB1 /* Assets.xcassets */ = {isa = PBXFileReference; lastKnownFileType = folder.assetcatalog; path = Assets.xcassets; sourceTree = "<group>"; };
		B1A6F08524E78E4000EF7FB1 /* Base */ = {isa = PBXFileReference; lastKnownFileType = file.storyboard; name = Base; path = Base.lproj/LaunchScreen.storyboard; sourceTree = "<group>"; };
		B1A6F08724E78E4100EF7FB1 /* Info.plist */ = {isa = PBXFileReference; lastKnownFileType = text.plist.xml; path = Info.plist; sourceTree = "<group>"; };
		B1A6F08C24E78E4100EF7FB1 /* NewsReportTests.xctest */ = {isa = PBXFileReference; explicitFileType = wrapper.cfbundle; includeInIndex = 0; path = NewsReportTests.xctest; sourceTree = BUILT_PRODUCTS_DIR; };
		B1A6F09024E78E4100EF7FB1 /* NewsReportTests.swift */ = {isa = PBXFileReference; lastKnownFileType = sourcecode.swift; path = NewsReportTests.swift; sourceTree = "<group>"; };
		B1A6F09224E78E4100EF7FB1 /* Info.plist */ = {isa = PBXFileReference; lastKnownFileType = text.plist.xml; path = Info.plist; sourceTree = "<group>"; };
		B1A6F09724E78E4100EF7FB1 /* NewsReportUITests.xctest */ = {isa = PBXFileReference; explicitFileType = wrapper.cfbundle; includeInIndex = 0; path = NewsReportUITests.xctest; sourceTree = BUILT_PRODUCTS_DIR; };
		B1A6F09B24E78E4100EF7FB1 /* NewsReportUITests.swift */ = {isa = PBXFileReference; lastKnownFileType = sourcecode.swift; path = NewsReportUITests.swift; sourceTree = "<group>"; };
		B1A6F09D24E78E4100EF7FB1 /* Info.plist */ = {isa = PBXFileReference; lastKnownFileType = text.plist.xml; path = Info.plist; sourceTree = "<group>"; };
		B1A6F0AA24E7957800EF7FB1 /* ActivityIndicatorViewStyle.swift */ = {isa = PBXFileReference; fileEncoding = 4; lastKnownFileType = sourcecode.swift; path = ActivityIndicatorViewStyle.swift; sourceTree = "<group>"; };
		B1A6F0AB24E7957900EF7FB1 /* ViewUtils.swift */ = {isa = PBXFileReference; fileEncoding = 4; lastKnownFileType = sourcecode.swift; path = ViewUtils.swift; sourceTree = "<group>"; };
		B1A6F0AC24E7957900EF7FB1 /* ActivityIndicatorView.swift */ = {isa = PBXFileReference; fileEncoding = 4; lastKnownFileType = sourcecode.swift; path = ActivityIndicatorView.swift; sourceTree = "<group>"; };
		B1A6F0B124E7959A00EF7FB1 /* NRNetworkManger.swift */ = {isa = PBXFileReference; fileEncoding = 4; lastKnownFileType = sourcecode.swift; path = NRNetworkManger.swift; sourceTree = "<group>"; };
		B1A6F0B224E7959A00EF7FB1 /* Reachability.swift */ = {isa = PBXFileReference; fileEncoding = 4; lastKnownFileType = sourcecode.swift; path = Reachability.swift; sourceTree = "<group>"; };
		B1A6F0B524E795AB00EF7FB1 /* CoreDataHelper.swift */ = {isa = PBXFileReference; fileEncoding = 4; lastKnownFileType = sourcecode.swift; path = CoreDataHelper.swift; sourceTree = "<group>"; };
		B1A6F0B724E795C700EF7FB1 /* NRConstants.swift */ = {isa = PBXFileReference; fileEncoding = 4; lastKnownFileType = sourcecode.swift; path = NRConstants.swift; sourceTree = "<group>"; };
		B1A6F0BA24E79FA700EF7FB1 /* NewsModel.swift */ = {isa = PBXFileReference; lastKnownFileType = sourcecode.swift; path = NewsModel.swift; sourceTree = "<group>"; };
		B1A6F0BD24E7BCE800EF7FB1 /* News+CoreDataClass.swift */ = {isa = PBXFileReference; lastKnownFileType = sourcecode.swift; name = "News+CoreDataClass.swift"; path = "NewsReport/Core Data/Entitys/News+CoreDataClass.swift"; sourceTree = SOURCE_ROOT; };
		B1A6F0BE24E7BCE800EF7FB1 /* News+CoreDataProperties.swift */ = {isa = PBXFileReference; lastKnownFileType = sourcecode.swift; name = "News+CoreDataProperties.swift"; path = "NewsReport/Core Data/Entitys/News+CoreDataProperties.swift"; sourceTree = SOURCE_ROOT; };
/* End PBXFileReference section */

/* Begin PBXFrameworksBuildPhase section */
		B1A6F07024E78E3D00EF7FB1 /* Frameworks */ = {
			isa = PBXFrameworksBuildPhase;
			buildActionMask = 2147483647;
			files = (
			);
			runOnlyForDeploymentPostprocessing = 0;
		};
		B1A6F08924E78E4100EF7FB1 /* Frameworks */ = {
			isa = PBXFrameworksBuildPhase;
			buildActionMask = 2147483647;
			files = (
			);
			runOnlyForDeploymentPostprocessing = 0;
		};
		B1A6F09424E78E4100EF7FB1 /* Frameworks */ = {
			isa = PBXFrameworksBuildPhase;
			buildActionMask = 2147483647;
			files = (
			);
			runOnlyForDeploymentPostprocessing = 0;
		};
/* End PBXFrameworksBuildPhase section */

/* Begin PBXGroup section */
		B16CD06424E7D79800724BDD /* View Controller */ = {
			isa = PBXGroup;
			children = (
				B1A6F07A24E78E3D00EF7FB1 /* ViewController.swift */,
				B16CD06224E7CE4300724BDD /* NewsTableViewCell.swift */,
				B1A6F0A924E7957800EF7FB1 /* Helpers */,
			);
			path = "View Controller";
			sourceTree = "<group>";
		};
		B1A6F06A24E78E3D00EF7FB1 = {
			isa = PBXGroup;
			children = (
				B1A6F07524E78E3D00EF7FB1 /* NewsReport */,
				B1A6F08F24E78E4100EF7FB1 /* NewsReportTests */,
				B1A6F09A24E78E4100EF7FB1 /* NewsReportUITests */,
				B1A6F07424E78E3D00EF7FB1 /* Products */,
			);
			sourceTree = "<group>";
		};
		B1A6F07424E78E3D00EF7FB1 /* Products */ = {
			isa = PBXGroup;
			children = (
				B1A6F07324E78E3D00EF7FB1 /* NewsReport.app */,
				B1A6F08C24E78E4100EF7FB1 /* NewsReportTests.xctest */,
				B1A6F09724E78E4100EF7FB1 /* NewsReportUITests.xctest */,
			);
			name = Products;
			sourceTree = "<group>";
		};
		B1A6F07524E78E3D00EF7FB1 /* NewsReport */ = {
			isa = PBXGroup;
			children = (
				B1A6F07624E78E3D00EF7FB1 /* AppDelegate.swift */,
				B1A6F07824E78E3D00EF7FB1 /* SceneDelegate.swift */,
				B16CD06424E7D79800724BDD /* View Controller */,
				B1A6F0B924E79F8600EF7FB1 /* Model */,
				B1A6F0B024E7959A00EF7FB1 /* APIManager */,
				B1A6F0BC24E7BC9D00EF7FB1 /* Core Data */,
				B1A6F0B724E795C700EF7FB1 /* NRConstants.swift */,
				B1A6F07C24E78E3D00EF7FB1 /* Main.storyboard */,
				B1A6F08224E78E4000EF7FB1 /* Assets.xcassets */,
				B1A6F08424E78E4000EF7FB1 /* LaunchScreen.storyboard */,
				B1A6F08724E78E4100EF7FB1 /* Info.plist */,
				B1A6F07F24E78E3D00EF7FB1 /* NewsReport.xcdatamodeld */,
			);
			path = NewsReport;
			sourceTree = "<group>";
		};
		B1A6F08F24E78E4100EF7FB1 /* NewsReportTests */ = {
			isa = PBXGroup;
			children = (
				B1A6F09024E78E4100EF7FB1 /* NewsReportTests.swift */,
				B1A6F09224E78E4100EF7FB1 /* Info.plist */,
			);
			path = NewsReportTests;
			sourceTree = "<group>";
		};
		B1A6F09A24E78E4100EF7FB1 /* NewsReportUITests */ = {
			isa = PBXGroup;
			children = (
				B1A6F09B24E78E4100EF7FB1 /* NewsReportUITests.swift */,
				B1A6F09D24E78E4100EF7FB1 /* Info.plist */,
			);
			path = NewsReportUITests;
			sourceTree = "<group>";
		};
		B1A6F0A924E7957800EF7FB1 /* Helpers */ = {
			isa = PBXGroup;
			children = (
				B1A6F0AA24E7957800EF7FB1 /* ActivityIndicatorViewStyle.swift */,
				B1A6F0AB24E7957900EF7FB1 /* ViewUtils.swift */,
				B1A6F0AC24E7957900EF7FB1 /* ActivityIndicatorView.swift */,
			);
			path = Helpers;
			sourceTree = "<group>";
		};
		B1A6F0B024E7959A00EF7FB1 /* APIManager */ = {
			isa = PBXGroup;
			children = (
				B1A6F0B124E7959A00EF7FB1 /* NRNetworkManger.swift */,
				B1A6F0B224E7959A00EF7FB1 /* Reachability.swift */,
			);
			path = APIManager;
			sourceTree = "<group>";
		};
		B1A6F0B924E79F8600EF7FB1 /* Model */ = {
			isa = PBXGroup;
			children = (
				B1A6F0BA24E79FA700EF7FB1 /* NewsModel.swift */,
			);
			path = Model;
			sourceTree = "<group>";
		};
		B1A6F0BC24E7BC9D00EF7FB1 /* Core Data */ = {
			isa = PBXGroup;
			children = (
				B1A6F0B524E795AB00EF7FB1 /* CoreDataHelper.swift */,
				B1A6F0C124E7BCF900EF7FB1 /* Entitys */,
			);
			path = "Core Data";
			sourceTree = "<group>";
		};
		B1A6F0C124E7BCF900EF7FB1 /* Entitys */ = {
			isa = PBXGroup;
			children = (
				B1A6F0BD24E7BCE800EF7FB1 /* News+CoreDataClass.swift */,
				B1A6F0BE24E7BCE800EF7FB1 /* News+CoreDataProperties.swift */,
			);
			path = Entitys;
			sourceTree = "<group>";
		};
/* End PBXGroup section */

/* Begin PBXNativeTarget section */
		B1A6F07224E78E3D00EF7FB1 /* NewsReport */ = {
			isa = PBXNativeTarget;
			buildConfigurationList = B1A6F0A024E78E4100EF7FB1 /* Build configuration list for PBXNativeTarget "NewsReport" */;
			buildPhases = (
				B1A6F06F24E78E3D00EF7FB1 /* Sources */,
				B1A6F07024E78E3D00EF7FB1 /* Frameworks */,
				B1A6F07124E78E3D00EF7FB1 /* Resources */,
			);
			buildRules = (
			);
			dependencies = (
			);
			name = NewsReport;
			productName = NewsReport;
			productReference = B1A6F07324E78E3D00EF7FB1 /* NewsReport.app */;
			productType = "com.apple.product-type.application";
		};
		B1A6F08B24E78E4100EF7FB1 /* NewsReportTests */ = {
			isa = PBXNativeTarget;
			buildConfigurationList = B1A6F0A324E78E4100EF7FB1 /* Build configuration list for PBXNativeTarget "NewsReportTests" */;
			buildPhases = (
				B1A6F08824E78E4100EF7FB1 /* Sources */,
				B1A6F08924E78E4100EF7FB1 /* Frameworks */,
				B1A6F08A24E78E4100EF7FB1 /* Resources */,
			);
			buildRules = (
			);
			dependencies = (
				B1A6F08E24E78E4100EF7FB1 /* PBXTargetDependency */,
			);
			name = NewsReportTests;
			productName = NewsReportTests;
			productReference = B1A6F08C24E78E4100EF7FB1 /* NewsReportTests.xctest */;
			productType = "com.apple.product-type.bundle.unit-test";
		};
		B1A6F09624E78E4100EF7FB1 /* NewsReportUITests */ = {
			isa = PBXNativeTarget;
			buildConfigurationList = B1A6F0A624E78E4100EF7FB1 /* Build configuration list for PBXNativeTarget "NewsReportUITests" */;
			buildPhases = (
				B1A6F09324E78E4100EF7FB1 /* Sources */,
				B1A6F09424E78E4100EF7FB1 /* Frameworks */,
				B1A6F09524E78E4100EF7FB1 /* Resources */,
			);
			buildRules = (
			);
			dependencies = (
				B1A6F09924E78E4100EF7FB1 /* PBXTargetDependency */,
			);
			name = NewsReportUITests;
			productName = NewsReportUITests;
			productReference = B1A6F09724E78E4100EF7FB1 /* NewsReportUITests.xctest */;
			productType = "com.apple.product-type.bundle.ui-testing";
		};
/* End PBXNativeTarget section */

/* Begin PBXProject section */
		B1A6F06B24E78E3D00EF7FB1 /* Project object */ = {
			isa = PBXProject;
			attributes = {
				LastSwiftUpdateCheck = 1150;
				LastUpgradeCheck = 1150;
				ORGANIZATIONNAME = senix.com;
				TargetAttributes = {
					B1A6F07224E78E3D00EF7FB1 = {
						CreatedOnToolsVersion = 11.5;
					};
					B1A6F08B24E78E4100EF7FB1 = {
						CreatedOnToolsVersion = 11.5;
						TestTargetID = B1A6F07224E78E3D00EF7FB1;
					};
					B1A6F09624E78E4100EF7FB1 = {
						CreatedOnToolsVersion = 11.5;
						TestTargetID = B1A6F07224E78E3D00EF7FB1;
					};
				};
			};
			buildConfigurationList = B1A6F06E24E78E3D00EF7FB1 /* Build configuration list for PBXProject "NewsReport" */;
			compatibilityVersion = "Xcode 9.3";
			developmentRegion = en;
			hasScannedForEncodings = 0;
			knownRegions = (
				en,
				Base,
			);
			mainGroup = B1A6F06A24E78E3D00EF7FB1;
			productRefGroup = B1A6F07424E78E3D00EF7FB1 /* Products */;
			projectDirPath = "";
			projectRoot = "";
			targets = (
				B1A6F07224E78E3D00EF7FB1 /* NewsReport */,
				B1A6F08B24E78E4100EF7FB1 /* NewsReportTests */,
				B1A6F09624E78E4100EF7FB1 /* NewsReportUITests */,
			);
		};
/* End PBXProject section */

/* Begin PBXResourcesBuildPhase section */
		B1A6F07124E78E3D00EF7FB1 /* Resources */ = {
			isa = PBXResourcesBuildPhase;
			buildActionMask = 2147483647;
			files = (
				B1A6F08624E78E4000EF7FB1 /* LaunchScreen.storyboard in Resources */,
				B1A6F08324E78E4000EF7FB1 /* Assets.xcassets in Resources */,
				B1A6F07E24E78E3D00EF7FB1 /* Main.storyboard in Resources */,
			);
			runOnlyForDeploymentPostprocessing = 0;
		};
		B1A6F08A24E78E4100EF7FB1 /* Resources */ = {
			isa = PBXResourcesBuildPhase;
			buildActionMask = 2147483647;
			files = (
			);
			runOnlyForDeploymentPostprocessing = 0;
		};
		B1A6F09524E78E4100EF7FB1 /* Resources */ = {
			isa = PBXResourcesBuildPhase;
			buildActionMask = 2147483647;
			files = (
			);
			runOnlyForDeploymentPostprocessing = 0;
		};
/* End PBXResourcesBuildPhase section */

/* Begin PBXSourcesBuildPhase section */
		B1A6F06F24E78E3D00EF7FB1 /* Sources */ = {
			isa = PBXSourcesBuildPhase;
			buildActionMask = 2147483647;
			files = (
				B1A6F0BB24E79FA700EF7FB1 /* NewsModel.swift in Sources */,
				B1A6F0B624E795AB00EF7FB1 /* CoreDataHelper.swift in Sources */,
				B16CD06324E7CE4300724BDD /* NewsTableViewCell.swift in Sources */,
				B1A6F08124E78E3D00EF7FB1 /* NewsReport.xcdatamodeld in Sources */,
				B1A6F07B24E78E3D00EF7FB1 /* ViewController.swift in Sources */,
				B1A6F0AE24E7957900EF7FB1 /* ViewUtils.swift in Sources */,
				B1A6F0AD24E7957900EF7FB1 /* ActivityIndicatorViewStyle.swift in Sources */,
				B1A6F0C024E7BCE800EF7FB1 /* News+CoreDataProperties.swift in Sources */,
				B1A6F07724E78E3D00EF7FB1 /* AppDelegate.swift in Sources */,
				B1A6F0B424E7959A00EF7FB1 /* Reachability.swift in Sources */,
				B1A6F0B324E7959A00EF7FB1 /* NRNetworkManger.swift in Sources */,
				B1A6F07924E78E3D00EF7FB1 /* SceneDelegate.swift in Sources */,
				B1A6F0BF24E7BCE800EF7FB1 /* News+CoreDataClass.swift in Sources */,
				B1A6F0AF24E7957900EF7FB1 /* ActivityIndicatorView.swift in Sources */,
				B1A6F0B824E795C700EF7FB1 /* NRConstants.swift in Sources */,
			);
			runOnlyForDeploymentPostprocessing = 0;
		};
		B1A6F08824E78E4100EF7FB1 /* Sources */ = {
			isa = PBXSourcesBuildPhase;
			buildActionMask = 2147483647;
			files = (
				B1A6F09124E78E4100EF7FB1 /* NewsReportTests.swift in Sources */,
			);
			runOnlyForDeploymentPostprocessing = 0;
		};
		B1A6F09324E78E4100EF7FB1 /* Sources */ = {
			isa = PBXSourcesBuildPhase;
			buildActionMask = 2147483647;
			files = (
				B1A6F09C24E78E4100EF7FB1 /* NewsReportUITests.swift in Sources */,
			);
			runOnlyForDeploymentPostprocessing = 0;
		};
/* End PBXSourcesBuildPhase section */

/* Begin PBXTargetDependency section */
		B1A6F08E24E78E4100EF7FB1 /* PBXTargetDependency */ = {
			isa = PBXTargetDependency;
			target = B1A6F07224E78E3D00EF7FB1 /* NewsReport */;
			targetProxy = B1A6F08D24E78E4100EF7FB1 /* PBXContainerItemProxy */;
		};
		B1A6F09924E78E4100EF7FB1 /* PBXTargetDependency */ = {
			isa = PBXTargetDependency;
			target = B1A6F07224E78E3D00EF7FB1 /* NewsReport */;
			targetProxy = B1A6F09824E78E4100EF7FB1 /* PBXContainerItemProxy */;
		};
/* End PBXTargetDependency section */

/* Begin PBXVariantGroup section */
		B1A6F07C24E78E3D00EF7FB1 /* Main.storyboard */ = {
			isa = PBXVariantGroup;
			children = (
				B1A6F07D24E78E3D00EF7FB1 /* Base */,
			);
			name = Main.storyboard;
			sourceTree = "<group>";
		};
		B1A6F08424E78E4000EF7FB1 /* LaunchScreen.storyboard */ = {
			isa = PBXVariantGroup;
			children = (
				B1A6F08524E78E4000EF7FB1 /* Base */,
			);
			name = LaunchScreen.storyboard;
			sourceTree = "<group>";
		};
/* End PBXVariantGroup section */

/* Begin XCBuildConfiguration section */
		B1A6F09E24E78E4100EF7FB1 /* Debug */ = {
			isa = XCBuildConfiguration;
			buildSettings = {
				ALWAYS_SEARCH_USER_PATHS = NO;
				CLANG_ANALYZER_NONNULL = YES;
				CLANG_ANALYZER_NUMBER_OBJECT_CONVERSION = YES_AGGRESSIVE;
				CLANG_CXX_LANGUAGE_STANDARD = "gnu++14";
				CLANG_CXX_LIBRARY = "libc++";
				CLANG_ENABLE_MODULES = YES;
				CLANG_ENABLE_OBJC_ARC = YES;
				CLANG_ENABLE_OBJC_WEAK = YES;
				CLANG_WARN_BLOCK_CAPTURE_AUTORELEASING = YES;
				CLANG_WARN_BOOL_CONVERSION = YES;
				CLANG_WARN_COMMA = YES;
				CLANG_WARN_CONSTANT_CONVERSION = YES;
				CLANG_WARN_DEPRECATED_OBJC_IMPLEMENTATIONS = YES;
				CLANG_WARN_DIRECT_OBJC_ISA_USAGE = YES_ERROR;
				CLANG_WARN_DOCUMENTATION_COMMENTS = YES;
				CLANG_WARN_EMPTY_BODY = YES;
				CLANG_WARN_ENUM_CONVERSION = YES;
				CLANG_WARN_INFINITE_RECURSION = YES;
				CLANG_WARN_INT_CONVERSION = YES;
				CLANG_WARN_NON_LITERAL_NULL_CONVERSION = YES;
				CLANG_WARN_OBJC_IMPLICIT_RETAIN_SELF = YES;
				CLANG_WARN_OBJC_LITERAL_CONVERSION = YES;
				CLANG_WARN_OBJC_ROOT_CLASS = YES_ERROR;
				CLANG_WARN_RANGE_LOOP_ANALYSIS = YES;
				CLANG_WARN_STRICT_PROTOTYPES = YES;
				CLANG_WARN_SUSPICIOUS_MOVE = YES;
				CLANG_WARN_UNGUARDED_AVAILABILITY = YES_AGGRESSIVE;
				CLANG_WARN_UNREACHABLE_CODE = YES;
				CLANG_WARN__DUPLICATE_METHOD_MATCH = YES;
				COPY_PHASE_STRIP = NO;
				DEBUG_INFORMATION_FORMAT = dwarf;
				ENABLE_STRICT_OBJC_MSGSEND = YES;
				ENABLE_TESTABILITY = YES;
				GCC_C_LANGUAGE_STANDARD = gnu11;
				GCC_DYNAMIC_NO_PIC = NO;
				GCC_NO_COMMON_BLOCKS = YES;
				GCC_OPTIMIZATION_LEVEL = 0;
				GCC_PREPROCESSOR_DEFINITIONS = (
					"DEBUG=1",
					"$(inherited)",
				);
				GCC_WARN_64_TO_32_BIT_CONVERSION = YES;
				GCC_WARN_ABOUT_RETURN_TYPE = YES_ERROR;
				GCC_WARN_UNDECLARED_SELECTOR = YES;
				GCC_WARN_UNINITIALIZED_AUTOS = YES_AGGRESSIVE;
				GCC_WARN_UNUSED_FUNCTION = YES;
				GCC_WARN_UNUSED_VARIABLE = YES;
				IPHONEOS_DEPLOYMENT_TARGET = 13.5;
				MTL_ENABLE_DEBUG_INFO = INCLUDE_SOURCE;
				MTL_FAST_MATH = YES;
				ONLY_ACTIVE_ARCH = YES;
				SDKROOT = iphoneos;
				SWIFT_ACTIVE_COMPILATION_CONDITIONS = DEBUG;
				SWIFT_OPTIMIZATION_LEVEL = "-Onone";
			};
			name = Debug;
		};
		B1A6F09F24E78E4100EF7FB1 /* Release */ = {
			isa = XCBuildConfiguration;
			buildSettings = {
				ALWAYS_SEARCH_USER_PATHS = NO;
				CLANG_ANALYZER_NONNULL = YES;
				CLANG_ANALYZER_NUMBER_OBJECT_CONVERSION = YES_AGGRESSIVE;
				CLANG_CXX_LANGUAGE_STANDARD = "gnu++14";
				CLANG_CXX_LIBRARY = "libc++";
				CLANG_ENABLE_MODULES = YES;
				CLANG_ENABLE_OBJC_ARC = YES;
				CLANG_ENABLE_OBJC_WEAK = YES;
				CLANG_WARN_BLOCK_CAPTURE_AUTORELEASING = YES;
				CLANG_WARN_BOOL_CONVERSION = YES;
				CLANG_WARN_COMMA = YES;
				CLANG_WARN_CONSTANT_CONVERSION = YES;
				CLANG_WARN_DEPRECATED_OBJC_IMPLEMENTATIONS = YES;
				CLANG_WARN_DIRECT_OBJC_ISA_USAGE = YES_ERROR;
				CLANG_WARN_DOCUMENTATION_COMMENTS = YES;
				CLANG_WARN_EMPTY_BODY = YES;
				CLANG_WARN_ENUM_CONVERSION = YES;
				CLANG_WARN_INFINITE_RECURSION = YES;
				CLANG_WARN_INT_CONVERSION = YES;
				CLANG_WARN_NON_LITERAL_NULL_CONVERSION = YES;
				CLANG_WARN_OBJC_IMPLICIT_RETAIN_SELF = YES;
				CLANG_WARN_OBJC_LITERAL_CONVERSION = YES;
				CLANG_WARN_OBJC_ROOT_CLASS = YES_ERROR;
				CLANG_WARN_RANGE_LOOP_ANALYSIS = YES;
				CLANG_WARN_STRICT_PROTOTYPES = YES;
				CLANG_WARN_SUSPICIOUS_MOVE = YES;
				CLANG_WARN_UNGUARDED_AVAILABILITY = YES_AGGRESSIVE;
				CLANG_WARN_UNREACHABLE_CODE = YES;
				CLANG_WARN__DUPLICATE_METHOD_MATCH = YES;
				COPY_PHASE_STRIP = NO;
				DEBUG_INFORMATION_FORMAT = "dwarf-with-dsym";
				ENABLE_NS_ASSERTIONS = NO;
				ENABLE_STRICT_OBJC_MSGSEND = YES;
				GCC_C_LANGUAGE_STANDARD = gnu11;
				GCC_NO_COMMON_BLOCKS = YES;
				GCC_WARN_64_TO_32_BIT_CONVERSION = YES;
				GCC_WARN_ABOUT_RETURN_TYPE = YES_ERROR;
				GCC_WARN_UNDECLARED_SELECTOR = YES;
				GCC_WARN_UNINITIALIZED_AUTOS = YES_AGGRESSIVE;
				GCC_WARN_UNUSED_FUNCTION = YES;
				GCC_WARN_UNUSED_VARIABLE = YES;
				IPHONEOS_DEPLOYMENT_TARGET = 13.5;
				MTL_ENABLE_DEBUG_INFO = NO;
				MTL_FAST_MATH = YES;
				SDKROOT = iphoneos;
				SWIFT_COMPILATION_MODE = wholemodule;
				SWIFT_OPTIMIZATION_LEVEL = "-O";
				VALIDATE_PRODUCT = YES;
			};
			name = Release;
		};
		B1A6F0A124E78E4100EF7FB1 /* Debug */ = {
			isa = XCBuildConfiguration;
			buildSettings = {
				ASSETCATALOG_COMPILER_APPICON_NAME = AppIcon;
				CODE_SIGN_STYLE = Automatic;
				DEVELOPMENT_TEAM = 3A54Q99JBM;
				INFOPLIST_FILE = NewsReport/Info.plist;
				IPHONEOS_DEPLOYMENT_TARGET = 13.0;
				LD_RUNPATH_SEARCH_PATHS = (
					"$(inherited)",
					"@executable_path/Frameworks",
				);
				PRODUCT_BUNDLE_IDENTIFIER = com.senix.com.NewsReport;
				PRODUCT_NAME = "$(TARGET_NAME)";
				SWIFT_VERSION = 5.0;
				TARGETED_DEVICE_FAMILY = "1,2";
			};
			name = Debug;
		};
		B1A6F0A224E78E4100EF7FB1 /* Release */ = {
			isa = XCBuildConfiguration;
			buildSettings = {
				ASSETCATALOG_COMPILER_APPICON_NAME = AppIcon;
				CODE_SIGN_STYLE = Automatic;
				DEVELOPMENT_TEAM = 3A54Q99JBM;
				INFOPLIST_FILE = NewsReport/Info.plist;
				IPHONEOS_DEPLOYMENT_TARGET = 13.0;
				LD_RUNPATH_SEARCH_PATHS = (
					"$(inherited)",
					"@executable_path/Frameworks",
				);
				PRODUCT_BUNDLE_IDENTIFIER = com.senix.com.NewsReport;
				PRODUCT_NAME = "$(TARGET_NAME)";
				SWIFT_VERSION = 5.0;
				TARGETED_DEVICE_FAMILY = "1,2";
			};
			name = Release;
		};
		B1A6F0A424E78E4100EF7FB1 /* Debug */ = {
			isa = XCBuildConfiguration;
			buildSettings = {
				ALWAYS_EMBED_SWIFT_STANDARD_LIBRARIES = YES;
				BUNDLE_LOADER = "$(TEST_HOST)";
				CODE_SIGN_STYLE = Automatic;
				INFOPLIST_FILE = NewsReportTests/Info.plist;
				IPHONEOS_DEPLOYMENT_TARGET = 13.5;
				LD_RUNPATH_SEARCH_PATHS = (
					"$(inherited)",
					"@executable_path/Frameworks",
					"@loader_path/Frameworks",
				);
				PRODUCT_BUNDLE_IDENTIFIER = com.senix.com.NewsReportTests;
				PRODUCT_NAME = "$(TARGET_NAME)";
				SWIFT_VERSION = 5.0;
				TARGETED_DEVICE_FAMILY = "1,2";
				TEST_HOST = "$(BUILT_PRODUCTS_DIR)/NewsReport.app/NewsReport";
			};
			name = Debug;
		};
		B1A6F0A524E78E4100EF7FB1 /* Release */ = {
			isa = XCBuildConfiguration;
			buildSettings = {
				ALWAYS_EMBED_SWIFT_STANDARD_LIBRARIES = YES;
				BUNDLE_LOADER = "$(TEST_HOST)";
				CODE_SIGN_STYLE = Automatic;
				INFOPLIST_FILE = NewsReportTests/Info.plist;
				IPHONEOS_DEPLOYMENT_TARGET = 13.5;
				LD_RUNPATH_SEARCH_PATHS = (
					"$(inherited)",
					"@executable_path/Frameworks",
					"@loader_path/Frameworks",
				);
				PRODUCT_BUNDLE_IDENTIFIER = com.senix.com.NewsReportTests;
				PRODUCT_NAME = "$(TARGET_NAME)";
				SWIFT_VERSION = 5.0;
				TARGETED_DEVICE_FAMILY = "1,2";
				TEST_HOST = "$(BUILT_PRODUCTS_DIR)/NewsReport.app/NewsReport";
			};
			name = Release;
		};
		B1A6F0A724E78E4100EF7FB1 /* Debug */ = {
			isa = XCBuildConfiguration;
			buildSettings = {
				ALWAYS_EMBED_SWIFT_STANDARD_LIBRARIES = YES;
				CODE_SIGN_STYLE = Automatic;
				INFOPLIST_FILE = NewsReportUITests/Info.plist;
				LD_RUNPATH_SEARCH_PATHS = (
					"$(inherited)",
					"@executable_path/Frameworks",
					"@loader_path/Frameworks",
				);
				PRODUCT_BUNDLE_IDENTIFIER = com.senix.com.NewsReportUITests;
				PRODUCT_NAME = "$(TARGET_NAME)";
				SWIFT_VERSION = 5.0;
				TARGETED_DEVICE_FAMILY = "1,2";
				TEST_TARGET_NAME = NewsReport;
			};
			name = Debug;
		};
		B1A6F0A824E78E4100EF7FB1 /* Release */ = {
			isa = XCBuildConfiguration;
			buildSettings = {
				ALWAYS_EMBED_SWIFT_STANDARD_LIBRARIES = YES;
				CODE_SIGN_STYLE = Automatic;
				INFOPLIST_FILE = NewsReportUITests/Info.plist;
				LD_RUNPATH_SEARCH_PATHS = (
					"$(inherited)",
					"@executable_path/Frameworks",
					"@loader_path/Frameworks",
				);
				PRODUCT_BUNDLE_IDENTIFIER = com.senix.com.NewsReportUITests;
				PRODUCT_NAME = "$(TARGET_NAME)";
				SWIFT_VERSION = 5.0;
				TARGETED_DEVICE_FAMILY = "1,2";
				TEST_TARGET_NAME = NewsReport;
			};
			name = Release;
		};
/* End XCBuildConfiguration section */

/* Begin XCConfigurationList section */
		B1A6F06E24E78E3D00EF7FB1 /* Build configuration list for PBXProject "NewsReport" */ = {
			isa = XCConfigurationList;
			buildConfigurations = (
				B1A6F09E24E78E4100EF7FB1 /* Debug */,
				B1A6F09F24E78E4100EF7FB1 /* Release */,
			);
			defaultConfigurationIsVisible = 0;
			defaultConfigurationName = Release;
		};
		B1A6F0A024E78E4100EF7FB1 /* Build configuration list for PBXNativeTarget "NewsReport" */ = {
			isa = XCConfigurationList;
			buildConfigurations = (
				B1A6F0A124E78E4100EF7FB1 /* Debug */,
				B1A6F0A224E78E4100EF7FB1 /* Release */,
			);
			defaultConfigurationIsVisible = 0;
			defaultConfigurationName = Release;
		};
		B1A6F0A324E78E4100EF7FB1 /* Build configuration list for PBXNativeTarget "NewsReportTests" */ = {
			isa = XCConfigurationList;
			buildConfigurations = (
				B1A6F0A424E78E4100EF7FB1 /* Debug */,
				B1A6F0A524E78E4100EF7FB1 /* Release */,
			);
			defaultConfigurationIsVisible = 0;
			defaultConfigurationName = Release;
		};
		B1A6F0A624E78E4100EF7FB1 /* Build configuration list for PBXNativeTarget "NewsReportUITests" */ = {
			isa = XCConfigurationList;
			buildConfigurations = (
				B1A6F0A724E78E4100EF7FB1 /* Debug */,
				B1A6F0A824E78E4100EF7FB1 /* Release */,
			);
			defaultConfigurationIsVisible = 0;
			defaultConfigurationName = Release;
		};
/* End XCConfigurationList section */

/* Begin XCVersionGroup section */
		B1A6F07F24E78E3D00EF7FB1 /* NewsReport.xcdatamodeld */ = {
			isa = XCVersionGroup;
			children = (
				B1A6F08024E78E3D00EF7FB1 /* NewsReport.xcdatamodel */,
			);
			currentVersion = B1A6F08024E78E3D00EF7FB1 /* NewsReport.xcdatamodel */;
			path = NewsReport.xcdatamodeld;
			sourceTree = "<group>";
			versionGroupType = wrapper.xcdatamodel;
		};
/* End XCVersionGroup section */
	};
	rootObject = B1A6F06B24E78E3D00EF7FB1 /* Project object */;
}
